
Microsoft Visual Studio Solution File, Format Version 12.00
# Visual Studio Version 17
VisualStudioVersion = 17.12.35707.178
MinimumVisualStudioVersion = 10.0.40219.1
Project("{FAE04EC0-301F-11D3-BF4B-00C04F79EFBC}") = "FizzBuzzProcessor.API", "FizzBuzzProcessor.API\FizzBuzzProcessor.API.csproj", "{EF3EC7AD-CE60-4EB1-AC52-0DBCBECC1B1C}"
EndProject
Project("{FAE04EC0-301F-11D3-BF4B-00C04F79EFBC}") = "FizzBuzzProcessor.Tests", "FizzBuzzProcessor.Tests\FizzBuzzProcessor.Tests.csproj", "{9CC7568F-0444-48B8-B15D-343396BCB587}"
EndProject
Project("{2150E333-8FDC-42A3-9474-1A3956D46DE8}") = "Solution Items", "Solution Items", "{E6F35B24-89D2-44C4-9D40-45300C06E8C7}"
	ProjectSection(SolutionItems) = preProject
		README.md = README.md
	EndProjectSection
EndProject
Global
	GlobalSection(SolutionConfigurationPlatforms) = preSolution
		Debug|Any CPU = Debug|Any CPU
		Release|Any CPU = Release|Any CPU
	EndGlobalSection
	GlobalSection(ProjectConfigurationPlatforms) = postSolution
		{EF3EC7AD-CE60-4EB1-AC52-0DBCBECC1B1C}.Debug|Any CPU.ActiveCfg = Debug|Any CPU
		{EF3EC7AD-CE60-4EB1-AC52-0DBCBECC1B1C}.Debug|Any CPU.Build.0 = Debug|Any CPU
		{EF3EC7AD-CE60-4EB1-AC52-0DBCBECC1B1C}.Release|Any CPU.ActiveCfg = Release|Any CPU
		{EF3EC7AD-CE60-4EB1-AC52-0DBCBECC1B1C}.Release|Any CPU.Build.0 = Release|Any CPU
		{9CC7568F-0444-48B8-B15D-343396BCB587}.Debug|Any CPU.ActiveCfg = Debug|Any CPU
		{9CC7568F-0444-48B8-B15D-343396BCB587}.Debug|Any CPU.Build.0 = Debug|Any CPU
		{9CC7568F-0444-48B8-B15D-343396BCB587}.Release|Any CPU.ActiveCfg = Release|Any CPU
		{9CC7568F-0444-48B8-B15D-343396BCB587}.Release|Any CPU.Build.0 = Release|Any CPU
	EndGlobalSection
	GlobalSection(SolutionProperties) = preSolution
		HideSolutionNode = FALSE
	EndGlobalSection
EndGlobal
